
Microsoft Visual Studio Solution File, Format Version 12.00
# Visual Studio Version 16
VisualStudioVersion = 16.0.32228.343
MinimumVisualStudioVersion = 10.0.40219.1
Project("{FAE04EC0-301F-11D3-BF4B-00C04F79EFBC}") = "TowerOffence", "TowerOffence.csproj", "{B07326BE-FCD9-4161-8A25-049EB2079AD2}"
EndProject
Global
	GlobalSection(SolutionConfigurationPlatforms) = preSolution
		Debug|Any CPU = Debug|Any CPU
		Release|Any CPU = Release|Any CPU
	EndGlobalSection
	GlobalSection(ProjectConfigurationPlatforms) = postSolution
		{B07326BE-FCD9-4161-8A25-049EB2079AD2}.Debug|Any CPU.ActiveCfg = Debug|Any CPU
		{B07326BE-FCD9-4161-8A25-049EB2079AD2}.Debug|Any CPU.Build.0 = Debug|Any CPU
		{B07326BE-FCD9-4161-8A25-049EB2079AD2}.Release|Any CPU.ActiveCfg = Release|Any CPU
		{B07326BE-FCD9-4161-8A25-049EB2079AD2}.Release|Any CPU.Build.0 = Release|Any CPU
	EndGlobalSection
	GlobalSection(SolutionProperties) = preSolution
		HideSolutionNode = FALSE
	EndGlobalSection
	GlobalSection(ExtensibilityGlobals) = postSolution
		SolutionGuid = {79F3CE53-A55F-4F1B-BE36-E7D74C4E81EE}
	EndGlobalSection
EndGlobal
